
Microsoft Visual Studio Solution File, Format Version 12.00
# Visual Studio Version 16
VisualStudioVersion = 16.0.31424.327
MinimumVisualStudioVersion = 10.0.40219.1
Project("{FAE04EC0-301F-11D3-BF4B-00C04F79EFBC}") = "MasterClassHbo.Ipo", "MasterClassHbo.Ipo.csproj", "{9FC59609-5D0A-4FB5-BF67-9599E45CD191}"
EndProject
Global
	GlobalSection(SolutionConfigurationPlatforms) = preSolution
		Debug|Any CPU = Debug|Any CPU
		Release|Any CPU = Release|Any CPU
	EndGlobalSection
	GlobalSection(ProjectConfigurationPlatforms) = postSolution
		{9FC59609-5D0A-4FB5-BF67-9599E45CD191}.Debug|Any CPU.ActiveCfg = Debug|Any CPU
		{9FC59609-5D0A-4FB5-BF67-9599E45CD191}.Debug|Any CPU.Build.0 = Debug|Any CPU
		{9FC59609-5D0A-4FB5-BF67-9599E45CD191}.Release|Any CPU.ActiveCfg = Release|Any CPU
		{9FC59609-5D0A-4FB5-BF67-9599E45CD191}.Release|Any CPU.Build.0 = Release|Any CPU
	EndGlobalSection
	GlobalSection(SolutionProperties) = preSolution
		HideSolutionNode = FALSE
	EndGlobalSection
	GlobalSection(ExtensibilityGlobals) = postSolution
		SolutionGuid = {D99FE5DB-4A85-4E12-A52D-9D06F94ACFCE}
	EndGlobalSection
EndGlobal
